
Microsoft Visual Studio Solution File, Format Version 12.00
# Visual Studio Version 16
VisualStudioVersion = 16.0.29020.237
MinimumVisualStudioVersion = 10.0.40219.1
Project("{FAE04EC0-301F-11D3-BF4B-00C04F79EFBC}") = "TechcrunchTweeter", "TechcrunchTweeter\TechcrunchTweeter.csproj", "{62DCE1A5-2214-4369-8E94-FA677375606D}"
EndProject
Global
	GlobalSection(SolutionConfigurationPlatforms) = preSolution
		Debug|Any CPU = Debug|Any CPU
		Release|Any CPU = Release|Any CPU
	EndGlobalSection
	GlobalSection(ProjectConfigurationPlatforms) = postSolution
		{62DCE1A5-2214-4369-8E94-FA677375606D}.Debug|Any CPU.ActiveCfg = Debug|Any CPU
		{62DCE1A5-2214-4369-8E94-FA677375606D}.Debug|Any CPU.Build.0 = Debug|Any CPU
		{62DCE1A5-2214-4369-8E94-FA677375606D}.Release|Any CPU.ActiveCfg = Release|Any CPU
		{62DCE1A5-2214-4369-8E94-FA677375606D}.Release|Any CPU.Build.0 = Release|Any CPU
	EndGlobalSection
	GlobalSection(SolutionProperties) = preSolution
		HideSolutionNode = FALSE
	EndGlobalSection
	GlobalSection(ExtensibilityGlobals) = postSolution
		SolutionGuid = {D29F19BB-896D-42FD-8AD3-EA6AB112F215}
	EndGlobalSection
EndGlobal
